
Microsoft Visual Studio Solution File, Format Version 12.00
# Visual Studio Version 16
VisualStudioVersion = 16.0.30717.126
MinimumVisualStudioVersion = 10.0.40219.1
Project("{FAE04EC0-301F-11D3-BF4B-00C04F79EFBC}") = "FileUpload", "FileUpload\FileUpload.csproj", "{13FD0EEF-C8D8-419E-A9C3-7D2A2F507542}"
EndProject
Global
	GlobalSection(SolutionConfigurationPlatforms) = preSolution
		Debug|Any CPU = Debug|Any CPU
		Release|Any CPU = Release|Any CPU
	EndGlobalSection
	GlobalSection(ProjectConfigurationPlatforms) = postSolution
		{13FD0EEF-C8D8-419E-A9C3-7D2A2F507542}.Debug|Any CPU.ActiveCfg = Debug|Any CPU
		{13FD0EEF-C8D8-419E-A9C3-7D2A2F507542}.Debug|Any CPU.Build.0 = Debug|Any CPU
		{13FD0EEF-C8D8-419E-A9C3-7D2A2F507542}.Release|Any CPU.ActiveCfg = Release|Any CPU
		{13FD0EEF-C8D8-419E-A9C3-7D2A2F507542}.Release|Any CPU.Build.0 = Release|Any CPU
	EndGlobalSection
	GlobalSection(SolutionProperties) = preSolution
		HideSolutionNode = FALSE
	EndGlobalSection
	GlobalSection(ExtensibilityGlobals) = postSolution
		SolutionGuid = {A3168A7C-B9B6-4E40-A36A-CDC3F9C29C20}
	EndGlobalSection
EndGlobal
